// !$*UTF8*$!
{
	archiveVersion = 1;
	classes = {
	};
	objectVersion = 50;
	objects = {

/* Begin PBXBuildFile section */
		37BD48272233034700BC06D3 /* GoogleService-Info.plist in Resources */ = {isa = PBXBuildFile; fileRef = 37BD48262233034600BC06D3 /* GoogleService-Info.plist */; };
		3B2471AA2232F7B5001E7D07 /* LoginControllerViewController.swift in Sources */ = {isa = PBXBuildFile; fileRef = 3B2471A92232F7B5001E7D07 /* LoginControllerViewController.swift */; };
		3B45EA172215C7A60007D747 /* AppDelegate.swift in Sources */ = {isa = PBXBuildFile; fileRef = 3B45EA162215C7A60007D747 /* AppDelegate.swift */; };
		3B45EA192215C7A60007D747 /* HomeController.swift in Sources */ = {isa = PBXBuildFile; fileRef = 3B45EA182215C7A60007D747 /* HomeController.swift */; };
		3B45EA1C2215C7A60007D747 /* Main.storyboard in Resources */ = {isa = PBXBuildFile; fileRef = 3B45EA1A2215C7A60007D747 /* Main.storyboard */; };
		3B45EA1E2215C7A70007D747 /* Assets.xcassets in Resources */ = {isa = PBXBuildFile; fileRef = 3B45EA1D2215C7A70007D747 /* Assets.xcassets */; };
		3B45EA212215C7A70007D747 /* LaunchScreen.storyboard in Resources */ = {isa = PBXBuildFile; fileRef = 3B45EA1F2215C7A70007D747 /* LaunchScreen.storyboard */; };
		3B45EA2C2215C7A70007D747 /* pitchnotesTests.swift in Sources */ = {isa = PBXBuildFile; fileRef = 3B45EA2B2215C7A70007D747 /* pitchnotesTests.swift */; };
		3B45EA372215C7A70007D747 /* pitchnotesUITests.swift in Sources */ = {isa = PBXBuildFile; fileRef = 3B45EA362215C7A70007D747 /* pitchnotesUITests.swift */; };
		3BE37BEC2231A63E0091A7BA /* Extensions+UIView.swift in Sources */ = {isa = PBXBuildFile; fileRef = 3BE37BEB2231A63E0091A7BA /* Extensions+UIView.swift */; };
		3BE37BEF2231BD830091A7BA /* HomeBottomControlsUIStackView.swift in Sources */ = {isa = PBXBuildFile; fileRef = 3BE37BEE2231BD830091A7BA /* HomeBottomControlsUIStackView.swift */; };
		3BE37BF12231C0BD0091A7BA /* HomeUpperControlsStackView.swift in Sources */ = {isa = PBXBuildFile; fileRef = 3BE37BF02231C0BD0091A7BA /* HomeUpperControlsStackView.swift */; };
		3BFFC6762231E79700C0D986 /* CardView.swift in Sources */ = {isa = PBXBuildFile; fileRef = 3BFFC6752231E79700C0D986 /* CardView.swift */; };
		4C467D1785ABCDB55A8FFDCB /* Pods_pitchnotesTests.framework in Frameworks */ = {isa = PBXBuildFile; fileRef = 7F5F5989EC4B219E2095B47E /* Pods_pitchnotesTests.framework */; };
		BD50D4E2444BCE76546579A4 /* Pods_pitchnotes.framework in Frameworks */ = {isa = PBXBuildFile; fileRef = 62E8C4161454737C2D0DDACA /* Pods_pitchnotes.framework */; };
		E230D1206F6784B7695B2545 /* Pods_pitchnotesUITests.framework in Frameworks */ = {isa = PBXBuildFile; fileRef = 484AB090A6017DA4839AD901 /* Pods_pitchnotesUITests.framework */; };
/* End PBXBuildFile section */

/* Begin PBXContainerItemProxy section */
		3B45EA282215C7A70007D747 /* PBXContainerItemProxy */ = {
			isa = PBXContainerItemProxy;
			containerPortal = 3B45EA0B2215C7A60007D747 /* Project object */;
			proxyType = 1;
			remoteGlobalIDString = 3B45EA122215C7A60007D747;
			remoteInfo = pitchnotes;
		};
		3B45EA332215C7A70007D747 /* PBXContainerItemProxy */ = {
			isa = PBXContainerItemProxy;
			containerPortal = 3B45EA0B2215C7A60007D747 /* Project object */;
			proxyType = 1;
			remoteGlobalIDString = 3B45EA122215C7A60007D747;
			remoteInfo = pitchnotes;
		};
/* End PBXContainerItemProxy section */

/* Begin PBXFileReference section */
		001697E354611BDA15B7B67B /* Pods-pitchnotesUITests.release.xcconfig */ = {isa = PBXFileReference; includeInIndex = 1; lastKnownFileType = text.xcconfig; name = "Pods-pitchnotesUITests.release.xcconfig"; path = "Pods/Target Support Files/Pods-pitchnotesUITests/Pods-pitchnotesUITests.release.xcconfig"; sourceTree = "<group>"; };
		37BD48262233034600BC06D3 /* GoogleService-Info.plist */ = {isa = PBXFileReference; fileEncoding = 4; lastKnownFileType = text.plist.xml; path = "GoogleService-Info.plist"; sourceTree = "<group>"; };
		3B2471A92232F7B5001E7D07 /* LoginControllerViewController.swift */ = {isa = PBXFileReference; lastKnownFileType = sourcecode.swift; path = LoginControllerViewController.swift; sourceTree = "<group>"; };
		3B45EA132215C7A60007D747 /* pitchnotes.app */ = {isa = PBXFileReference; explicitFileType = wrapper.application; includeInIndex = 0; path = pitchnotes.app; sourceTree = BUILT_PRODUCTS_DIR; };
		3B45EA162215C7A60007D747 /* AppDelegate.swift */ = {isa = PBXFileReference; lastKnownFileType = sourcecode.swift; path = AppDelegate.swift; sourceTree = "<group>"; };
		3B45EA182215C7A60007D747 /* HomeController.swift */ = {isa = PBXFileReference; lastKnownFileType = sourcecode.swift; path = HomeController.swift; sourceTree = "<group>"; };
		3B45EA1B2215C7A60007D747 /* Base */ = {isa = PBXFileReference; lastKnownFileType = file.storyboard; name = Base; path = Base.lproj/Main.storyboard; sourceTree = "<group>"; };
		3B45EA1D2215C7A70007D747 /* Assets.xcassets */ = {isa = PBXFileReference; lastKnownFileType = folder.assetcatalog; path = Assets.xcassets; sourceTree = "<group>"; };
		3B45EA202215C7A70007D747 /* Base */ = {isa = PBXFileReference; lastKnownFileType = file.storyboard; name = Base; path = Base.lproj/LaunchScreen.storyboard; sourceTree = "<group>"; };
		3B45EA222215C7A70007D747 /* Info.plist */ = {isa = PBXFileReference; lastKnownFileType = text.plist.xml; path = Info.plist; sourceTree = "<group>"; };
		3B45EA272215C7A70007D747 /* pitchnotesTests.xctest */ = {isa = PBXFileReference; explicitFileType = wrapper.cfbundle; includeInIndex = 0; path = pitchnotesTests.xctest; sourceTree = BUILT_PRODUCTS_DIR; };
		3B45EA2B2215C7A70007D747 /* pitchnotesTests.swift */ = {isa = PBXFileReference; lastKnownFileType = sourcecode.swift; path = pitchnotesTests.swift; sourceTree = "<group>"; };
		3B45EA2D2215C7A70007D747 /* Info.plist */ = {isa = PBXFileReference; lastKnownFileType = text.plist.xml; path = Info.plist; sourceTree = "<group>"; };
		3B45EA322215C7A70007D747 /* pitchnotesUITests.xctest */ = {isa = PBXFileReference; explicitFileType = wrapper.cfbundle; includeInIndex = 0; path = pitchnotesUITests.xctest; sourceTree = BUILT_PRODUCTS_DIR; };
		3B45EA362215C7A70007D747 /* pitchnotesUITests.swift */ = {isa = PBXFileReference; lastKnownFileType = sourcecode.swift; path = pitchnotesUITests.swift; sourceTree = "<group>"; };
		3B45EA382215C7A70007D747 /* Info.plist */ = {isa = PBXFileReference; lastKnownFileType = text.plist.xml; path = Info.plist; sourceTree = "<group>"; };
		3BE37BEB2231A63E0091A7BA /* Extensions+UIView.swift */ = {isa = PBXFileReference; fileEncoding = 4; lastKnownFileType = sourcecode.swift; path = "Extensions+UIView.swift"; sourceTree = "<group>"; };
		3BE37BEE2231BD830091A7BA /* HomeBottomControlsUIStackView.swift */ = {isa = PBXFileReference; lastKnownFileType = sourcecode.swift; path = HomeBottomControlsUIStackView.swift; sourceTree = "<group>"; };
		3BE37BF02231C0BD0091A7BA /* HomeUpperControlsStackView.swift */ = {isa = PBXFileReference; lastKnownFileType = sourcecode.swift; path = HomeUpperControlsStackView.swift; sourceTree = "<group>"; };
		3BFFC6752231E79700C0D986 /* CardView.swift */ = {isa = PBXFileReference; lastKnownFileType = sourcecode.swift; path = CardView.swift; sourceTree = "<group>"; };
		47F5E782D83772CB749A5583 /* Pods-pitchnotes.debug.xcconfig */ = {isa = PBXFileReference; includeInIndex = 1; lastKnownFileType = text.xcconfig; name = "Pods-pitchnotes.debug.xcconfig"; path = "Pods/Target Support Files/Pods-pitchnotes/Pods-pitchnotes.debug.xcconfig"; sourceTree = "<group>"; };
		484AB090A6017DA4839AD901 /* Pods_pitchnotesUITests.framework */ = {isa = PBXFileReference; explicitFileType = wrapper.framework; includeInIndex = 0; path = Pods_pitchnotesUITests.framework; sourceTree = BUILT_PRODUCTS_DIR; };
		62E8C4161454737C2D0DDACA /* Pods_pitchnotes.framework */ = {isa = PBXFileReference; explicitFileType = wrapper.framework; includeInIndex = 0; path = Pods_pitchnotes.framework; sourceTree = BUILT_PRODUCTS_DIR; };
		7F5F5989EC4B219E2095B47E /* Pods_pitchnotesTests.framework */ = {isa = PBXFileReference; explicitFileType = wrapper.framework; includeInIndex = 0; path = Pods_pitchnotesTests.framework; sourceTree = BUILT_PRODUCTS_DIR; };
		97F815D5274D0284804BF6FE /* Pods-pitchnotesTests.release.xcconfig */ = {isa = PBXFileReference; includeInIndex = 1; lastKnownFileType = text.xcconfig; name = "Pods-pitchnotesTests.release.xcconfig"; path = "Pods/Target Support Files/Pods-pitchnotesTests/Pods-pitchnotesTests.release.xcconfig"; sourceTree = "<group>"; };
		D338312BF4F758F5E6F09CCF /* Pods-pitchnotesUITests.debug.xcconfig */ = {isa = PBXFileReference; includeInIndex = 1; lastKnownFileType = text.xcconfig; name = "Pods-pitchnotesUITests.debug.xcconfig"; path = "Pods/Target Support Files/Pods-pitchnotesUITests/Pods-pitchnotesUITests.debug.xcconfig"; sourceTree = "<group>"; };
		EB54BB69F1F00986A58FC0AD /* Pods-pitchnotes.release.xcconfig */ = {isa = PBXFileReference; includeInIndex = 1; lastKnownFileType = text.xcconfig; name = "Pods-pitchnotes.release.xcconfig"; path = "Pods/Target Support Files/Pods-pitchnotes/Pods-pitchnotes.release.xcconfig"; sourceTree = "<group>"; };
		F887973C60428E11909B76E0 /* Pods-pitchnotesTests.debug.xcconfig */ = {isa = PBXFileReference; includeInIndex = 1; lastKnownFileType = text.xcconfig; name = "Pods-pitchnotesTests.debug.xcconfig"; path = "Pods/Target Support Files/Pods-pitchnotesTests/Pods-pitchnotesTests.debug.xcconfig"; sourceTree = "<group>"; };
/* End PBXFileReference section */

/* Begin PBXFrameworksBuildPhase section */
		3B45EA102215C7A60007D747 /* Frameworks */ = {
			isa = PBXFrameworksBuildPhase;
			buildActionMask = 2147483647;
			files = (
				BD50D4E2444BCE76546579A4 /* Pods_pitchnotes.framework in Frameworks */,
			);
			runOnlyForDeploymentPostprocessing = 0;
		};
		3B45EA242215C7A70007D747 /* Frameworks */ = {
			isa = PBXFrameworksBuildPhase;
			buildActionMask = 2147483647;
			files = (
				4C467D1785ABCDB55A8FFDCB /* Pods_pitchnotesTests.framework in Frameworks */,
			);
			runOnlyForDeploymentPostprocessing = 0;
		};
		3B45EA2F2215C7A70007D747 /* Frameworks */ = {
			isa = PBXFrameworksBuildPhase;
			buildActionMask = 2147483647;
			files = (
				E230D1206F6784B7695B2545 /* Pods_pitchnotesUITests.framework in Frameworks */,
			);
			runOnlyForDeploymentPostprocessing = 0;
		};
/* End PBXFrameworksBuildPhase section */

/* Begin PBXGroup section */
		1D2D167CC4D010258B53E460 /* Frameworks */ = {
			isa = PBXGroup;
			children = (
				62E8C4161454737C2D0DDACA /* Pods_pitchnotes.framework */,
				7F5F5989EC4B219E2095B47E /* Pods_pitchnotesTests.framework */,
				484AB090A6017DA4839AD901 /* Pods_pitchnotesUITests.framework */,
			);
			name = Frameworks;
			sourceTree = "<group>";
		};
		3B45EA0A2215C7A60007D747 = {
			isa = PBXGroup;
			children = (
				3B45EA152215C7A60007D747 /* pitchnotes */,
				3B45EA2A2215C7A70007D747 /* pitchnotesTests */,
				3B45EA352215C7A70007D747 /* pitchnotesUITests */,
				3B45EA142215C7A60007D747 /* Products */,
				C4E5ADF0414BAE63A1DB8B93 /* Pods */,
				1D2D167CC4D010258B53E460 /* Frameworks */,
			);
			sourceTree = "<group>";
		};
		3B45EA142215C7A60007D747 /* Products */ = {
			isa = PBXGroup;
			children = (
				3B45EA132215C7A60007D747 /* pitchnotes.app */,
				3B45EA272215C7A70007D747 /* pitchnotesTests.xctest */,
				3B45EA322215C7A70007D747 /* pitchnotesUITests.xctest */,
			);
			name = Products;
			sourceTree = "<group>";
		};
		3B45EA152215C7A60007D747 /* pitchnotes */ = {
			isa = PBXGroup;
			children = (
				3BFFC6772232144000C0D986 /* Models */,
				3BE37BED2231BD570091A7BA /* Views */,
				3BE37BEA2231A63E0091A7BA /* Extensions */,
				3B45EA162215C7A60007D747 /* AppDelegate.swift */,
				3B45EA182215C7A60007D747 /* HomeController.swift */,
				3B45EA1A2215C7A60007D747 /* Main.storyboard */,
				3B45EA1D2215C7A70007D747 /* Assets.xcassets */,
				3B45EA1F2215C7A70007D747 /* LaunchScreen.storyboard */,
				3B45EA222215C7A70007D747 /* Info.plist */,
				37BD48262233034600BC06D3 /* GoogleService-Info.plist */,
				3B2471A92232F7B5001E7D07 /* LoginControllerViewController.swift */,
			);
			path = pitchnotes;
			sourceTree = "<group>";
		};
		3B45EA2A2215C7A70007D747 /* pitchnotesTests */ = {
			isa = PBXGroup;
			children = (
				3B45EA2B2215C7A70007D747 /* pitchnotesTests.swift */,
				3B45EA2D2215C7A70007D747 /* Info.plist */,
			);
			path = pitchnotesTests;
			sourceTree = "<group>";
		};
		3B45EA352215C7A70007D747 /* pitchnotesUITests */ = {
			isa = PBXGroup;
			children = (
				3B45EA362215C7A70007D747 /* pitchnotesUITests.swift */,
				3B45EA382215C7A70007D747 /* Info.plist */,
			);
			path = pitchnotesUITests;
			sourceTree = "<group>";
		};
		3BE37BEA2231A63E0091A7BA /* Extensions */ = {
			isa = PBXGroup;
			children = (
				3BE37BEB2231A63E0091A7BA /* Extensions+UIView.swift */,
			);
			path = Extensions;
			sourceTree = "<group>";
		};
		3BE37BED2231BD570091A7BA /* Views */ = {
			isa = PBXGroup;
			children = (
				3BE37BEE2231BD830091A7BA /* HomeBottomControlsUIStackView.swift */,
				3BE37BF02231C0BD0091A7BA /* HomeUpperControlsStackView.swift */,
				3BFFC6752231E79700C0D986 /* CardView.swift */,
			);
			path = Views;
			sourceTree = "<group>";
		};
		3BFFC6772232144000C0D986 /* Models */ = {
			isa = PBXGroup;
			children = (
			);
			path = Models;
			sourceTree = "<group>";
		};
		C4E5ADF0414BAE63A1DB8B93 /* Pods */ = {
			isa = PBXGroup;
			children = (
				47F5E782D83772CB749A5583 /* Pods-pitchnotes.debug.xcconfig */,
				EB54BB69F1F00986A58FC0AD /* Pods-pitchnotes.release.xcconfig */,
				F887973C60428E11909B76E0 /* Pods-pitchnotesTests.debug.xcconfig */,
				97F815D5274D0284804BF6FE /* Pods-pitchnotesTests.release.xcconfig */,
				D338312BF4F758F5E6F09CCF /* Pods-pitchnotesUITests.debug.xcconfig */,
				001697E354611BDA15B7B67B /* Pods-pitchnotesUITests.release.xcconfig */,
			);
			name = Pods;
			sourceTree = "<group>";
		};
/* End PBXGroup section */

/* Begin PBXNativeTarget section */
		3B45EA122215C7A60007D747 /* pitchnotes */ = {
			isa = PBXNativeTarget;
			buildConfigurationList = 3B45EA3B2215C7A70007D747 /* Build configuration list for PBXNativeTarget "pitchnotes" */;
			buildPhases = (
				104ABC47F597032E4C3A9C6A /* [CP] Check Pods Manifest.lock */,
				3B45EA0F2215C7A60007D747 /* Sources */,
				3B45EA102215C7A60007D747 /* Frameworks */,
				3B45EA112215C7A60007D747 /* Resources */,
				D6502C367DF62B468B094841 /* [CP] Embed Pods Frameworks */,
			);
			buildRules = (
			);
			dependencies = (
			);
			name = pitchnotes;
			productName = pitchnotes;
			productReference = 3B45EA132215C7A60007D747 /* pitchnotes.app */;
			productType = "com.apple.product-type.application";
		};
		3B45EA262215C7A70007D747 /* pitchnotesTests */ = {
			isa = PBXNativeTarget;
			buildConfigurationList = 3B45EA3E2215C7A70007D747 /* Build configuration list for PBXNativeTarget "pitchnotesTests" */;
			buildPhases = (
				F4D57C666A6644CBFF38E402 /* [CP] Check Pods Manifest.lock */,
				3B45EA232215C7A70007D747 /* Sources */,
				3B45EA242215C7A70007D747 /* Frameworks */,
				3B45EA252215C7A70007D747 /* Resources */,
			);
			buildRules = (
			);
			dependencies = (
				3B45EA292215C7A70007D747 /* PBXTargetDependency */,
			);
			name = pitchnotesTests;
			productName = pitchnotesTests;
			productReference = 3B45EA272215C7A70007D747 /* pitchnotesTests.xctest */;
			productType = "com.apple.product-type.bundle.unit-test";
		};
		3B45EA312215C7A70007D747 /* pitchnotesUITests */ = {
			isa = PBXNativeTarget;
			buildConfigurationList = 3B45EA412215C7A70007D747 /* Build configuration list for PBXNativeTarget "pitchnotesUITests" */;
			buildPhases = (
				B9DAAE43E80EBDEDFA886D77 /* [CP] Check Pods Manifest.lock */,
				3B45EA2E2215C7A70007D747 /* Sources */,
				3B45EA2F2215C7A70007D747 /* Frameworks */,
				3B45EA302215C7A70007D747 /* Resources */,
			);
			buildRules = (
			);
			dependencies = (
				3B45EA342215C7A70007D747 /* PBXTargetDependency */,
			);
			name = pitchnotesUITests;
			productName = pitchnotesUITests;
			productReference = 3B45EA322215C7A70007D747 /* pitchnotesUITests.xctest */;
			productType = "com.apple.product-type.bundle.ui-testing";
		};
/* End PBXNativeTarget section */

/* Begin PBXProject section */
		3B45EA0B2215C7A60007D747 /* Project object */ = {
			isa = PBXProject;
			attributes = {
				LastSwiftUpdateCheck = 1010;
				LastUpgradeCheck = 1010;
				ORGANIZATIONNAME = "Drew Dearing";
				TargetAttributes = {
					3B45EA122215C7A60007D747 = {
						CreatedOnToolsVersion = 10.1;
					};
					3B45EA262215C7A70007D747 = {
						CreatedOnToolsVersion = 10.1;
						TestTargetID = 3B45EA122215C7A60007D747;
					};
					3B45EA312215C7A70007D747 = {
						CreatedOnToolsVersion = 10.1;
						TestTargetID = 3B45EA122215C7A60007D747;
					};
				};
			};
			buildConfigurationList = 3B45EA0E2215C7A60007D747 /* Build configuration list for PBXProject "pitchnotes" */;
			compatibilityVersion = "Xcode 9.3";
			developmentRegion = en;
			hasScannedForEncodings = 0;
			knownRegions = (
				en,
				Base,
			);
			mainGroup = 3B45EA0A2215C7A60007D747;
			productRefGroup = 3B45EA142215C7A60007D747 /* Products */;
			projectDirPath = "";
			projectRoot = "";
			targets = (
				3B45EA122215C7A60007D747 /* pitchnotes */,
				3B45EA262215C7A70007D747 /* pitchnotesTests */,
				3B45EA312215C7A70007D747 /* pitchnotesUITests */,
			);
		};
/* End PBXProject section */

/* Begin PBXResourcesBuildPhase section */
		3B45EA112215C7A60007D747 /* Resources */ = {
			isa = PBXResourcesBuildPhase;
			buildActionMask = 2147483647;
			files = (
				3B45EA212215C7A70007D747 /* LaunchScreen.storyboard in Resources */,
				37BD48272233034700BC06D3 /* GoogleService-Info.plist in Resources */,
				3B45EA1E2215C7A70007D747 /* Assets.xcassets in Resources */,
				3B45EA1C2215C7A60007D747 /* Main.storyboard in Resources */,
			);
			runOnlyForDeploymentPostprocessing = 0;
		};
		3B45EA252215C7A70007D747 /* Resources */ = {
			isa = PBXResourcesBuildPhase;
			buildActionMask = 2147483647;
			files = (
			);
			runOnlyForDeploymentPostprocessing = 0;
		};
		3B45EA302215C7A70007D747 /* Resources */ = {
			isa = PBXResourcesBuildPhase;
			buildActionMask = 2147483647;
			files = (
			);
			runOnlyForDeploymentPostprocessing = 0;
		};
/* End PBXResourcesBuildPhase section */

/* Begin PBXShellScriptBuildPhase section */
		104ABC47F597032E4C3A9C6A /* [CP] Check Pods Manifest.lock */ = {
			isa = PBXShellScriptBuildPhase;
			buildActionMask = 2147483647;
			files = (
			);
			inputPaths = (
				"${PODS_PODFILE_DIR_PATH}/Podfile.lock",
				"${PODS_ROOT}/Manifest.lock",
			);
			name = "[CP] Check Pods Manifest.lock";
			outputPaths = (
				"$(DERIVED_FILE_DIR)/Pods-pitchnotes-checkManifestLockResult.txt",
			);
			runOnlyForDeploymentPostprocessing = 0;
			shellPath = /bin/sh;
			shellScript = "diff \"${PODS_PODFILE_DIR_PATH}/Podfile.lock\" \"${PODS_ROOT}/Manifest.lock\" > /dev/null\nif [ $? != 0 ] ; then\n    # print error to STDERR\n    echo \"error: The sandbox is not in sync with the Podfile.lock. Run 'pod install' or update your CocoaPods installation.\" >&2\n    exit 1\nfi\n# This output is used by Xcode 'outputs' to avoid re-running this script phase.\necho \"SUCCESS\" > \"${SCRIPT_OUTPUT_FILE_0}\"\n";
			showEnvVarsInLog = 0;
		};
		B9DAAE43E80EBDEDFA886D77 /* [CP] Check Pods Manifest.lock */ = {
			isa = PBXShellScriptBuildPhase;
			buildActionMask = 2147483647;
			files = (
			);
			inputPaths = (
				"${PODS_PODFILE_DIR_PATH}/Podfile.lock",
				"${PODS_ROOT}/Manifest.lock",
			);
			name = "[CP] Check Pods Manifest.lock";
			outputPaths = (
				"$(DERIVED_FILE_DIR)/Pods-pitchnotesUITests-checkManifestLockResult.txt",
			);
			runOnlyForDeploymentPostprocessing = 0;
			shellPath = /bin/sh;
			shellScript = "diff \"${PODS_PODFILE_DIR_PATH}/Podfile.lock\" \"${PODS_ROOT}/Manifest.lock\" > /dev/null\nif [ $? != 0 ] ; then\n    # print error to STDERR\n    echo \"error: The sandbox is not in sync with the Podfile.lock. Run 'pod install' or update your CocoaPods installation.\" >&2\n    exit 1\nfi\n# This output is used by Xcode 'outputs' to avoid re-running this script phase.\necho \"SUCCESS\" > \"${SCRIPT_OUTPUT_FILE_0}\"\n";
			showEnvVarsInLog = 0;
		};
		D6502C367DF62B468B094841 /* [CP] Embed Pods Frameworks */ = {
			isa = PBXShellScriptBuildPhase;
			buildActionMask = 2147483647;
			files = (
			);
			inputPaths = (
				"${SRCROOT}/Pods/Target Support Files/Pods-pitchnotes/Pods-pitchnotes-frameworks.sh",
				"${BUILT_PRODUCTS_DIR}/GTMSessionFetcher/GTMSessionFetcher.framework",
				"${BUILT_PRODUCTS_DIR}/GoogleUtilities/GoogleUtilities.framework",
				"${BUILT_PRODUCTS_DIR}/nanopb/nanopb.framework",
			);
			name = "[CP] Embed Pods Frameworks";
			outputPaths = (
				"${TARGET_BUILD_DIR}/${FRAMEWORKS_FOLDER_PATH}/GTMSessionFetcher.framework",
				"${TARGET_BUILD_DIR}/${FRAMEWORKS_FOLDER_PATH}/GoogleUtilities.framework",
				"${TARGET_BUILD_DIR}/${FRAMEWORKS_FOLDER_PATH}/nanopb.framework",
			);
			runOnlyForDeploymentPostprocessing = 0;
			shellPath = /bin/sh;
			shellScript = "\"${SRCROOT}/Pods/Target Support Files/Pods-pitchnotes/Pods-pitchnotes-frameworks.sh\"\n";
			showEnvVarsInLog = 0;
		};
		F4D57C666A6644CBFF38E402 /* [CP] Check Pods Manifest.lock */ = {
			isa = PBXShellScriptBuildPhase;
			buildActionMask = 2147483647;
			files = (
			);
			inputPaths = (
				"${PODS_PODFILE_DIR_PATH}/Podfile.lock",
				"${PODS_ROOT}/Manifest.lock",
			);
			name = "[CP] Check Pods Manifest.lock";
			outputPaths = (
				"$(DERIVED_FILE_DIR)/Pods-pitchnotesTests-checkManifestLockResult.txt",
			);
			runOnlyForDeploymentPostprocessing = 0;
			shellPath = /bin/sh;
			shellScript = "diff \"${PODS_PODFILE_DIR_PATH}/Podfile.lock\" \"${PODS_ROOT}/Manifest.lock\" > /dev/null\nif [ $? != 0 ] ; then\n    # print error to STDERR\n    echo \"error: The sandbox is not in sync with the Podfile.lock. Run 'pod install' or update your CocoaPods installation.\" >&2\n    exit 1\nfi\n# This output is used by Xcode 'outputs' to avoid re-running this script phase.\necho \"SUCCESS\" > \"${SCRIPT_OUTPUT_FILE_0}\"\n";
			showEnvVarsInLog = 0;
		};
/* End PBXShellScriptBuildPhase section */

/* Begin PBXSourcesBuildPhase section */
		3B45EA0F2215C7A60007D747 /* Sources */ = {
			isa = PBXSourcesBuildPhase;
			buildActionMask = 2147483647;
			files = (
				3BE37BF12231C0BD0091A7BA /* HomeUpperControlsStackView.swift in Sources */,
				3B45EA192215C7A60007D747 /* HomeController.swift in Sources */,
				3B2471AA2232F7B5001E7D07 /* LoginControllerViewController.swift in Sources */,
				3B45EA172215C7A60007D747 /* AppDelegate.swift in Sources */,
				3BE37BEC2231A63E0091A7BA /* Extensions+UIView.swift in Sources */,
				3BFFC6762231E79700C0D986 /* CardView.swift in Sources */,
				3BE37BEF2231BD830091A7BA /* HomeBottomControlsUIStackView.swift in Sources */,
			);
			runOnlyForDeploymentPostprocessing = 0;
		};
		3B45EA232215C7A70007D747 /* Sources */ = {
			isa = PBXSourcesBuildPhase;
			buildActionMask = 2147483647;
			files = (
				3B45EA2C2215C7A70007D747 /* pitchnotesTests.swift in Sources */,
			);
			runOnlyForDeploymentPostprocessing = 0;
		};
		3B45EA2E2215C7A70007D747 /* Sources */ = {
			isa = PBXSourcesBuildPhase;
			buildActionMask = 2147483647;
			files = (
				3B45EA372215C7A70007D747 /* pitchnotesUITests.swift in Sources */,
			);
			runOnlyForDeploymentPostprocessing = 0;
		};
/* End PBXSourcesBuildPhase section */

/* Begin PBXTargetDependency section */
		3B45EA292215C7A70007D747 /* PBXTargetDependency */ = {
			isa = PBXTargetDependency;
			target = 3B45EA122215C7A60007D747 /* pitchnotes */;
			targetProxy = 3B45EA282215C7A70007D747 /* PBXContainerItemProxy */;
		};
		3B45EA342215C7A70007D747 /* PBXTargetDependency */ = {
			isa = PBXTargetDependency;
			target = 3B45EA122215C7A60007D747 /* pitchnotes */;
			targetProxy = 3B45EA332215C7A70007D747 /* PBXContainerItemProxy */;
		};
/* End PBXTargetDependency section */

/* Begin PBXVariantGroup section */
		3B45EA1A2215C7A60007D747 /* Main.storyboard */ = {
			isa = PBXVariantGroup;
			children = (
				3B45EA1B2215C7A60007D747 /* Base */,
			);
			name = Main.storyboard;
			sourceTree = "<group>";
		};
		3B45EA1F2215C7A70007D747 /* LaunchScreen.storyboard */ = {
			isa = PBXVariantGroup;
			children = (
				3B45EA202215C7A70007D747 /* Base */,
			);
			name = LaunchScreen.storyboard;
			sourceTree = "<group>";
		};
/* End PBXVariantGroup section */

/* Begin XCBuildConfiguration section */
		3B45EA392215C7A70007D747 /* Debug */ = {
			isa = XCBuildConfiguration;
			buildSettings = {
				ALWAYS_SEARCH_USER_PATHS = NO;
				CLANG_ANALYZER_NONNULL = YES;
				CLANG_ANALYZER_NUMBER_OBJECT_CONVERSION = YES_AGGRESSIVE;
				CLANG_CXX_LANGUAGE_STANDARD = "gnu++14";
				CLANG_CXX_LIBRARY = "libc++";
				CLANG_ENABLE_MODULES = YES;
				CLANG_ENABLE_OBJC_ARC = YES;
				CLANG_ENABLE_OBJC_WEAK = YES;
				CLANG_WARN_BLOCK_CAPTURE_AUTORELEASING = YES;
				CLANG_WARN_BOOL_CONVERSION = YES;
				CLANG_WARN_COMMA = YES;
				CLANG_WARN_CONSTANT_CONVERSION = YES;
				CLANG_WARN_DEPRECATED_OBJC_IMPLEMENTATIONS = YES;
				CLANG_WARN_DIRECT_OBJC_ISA_USAGE = YES_ERROR;
				CLANG_WARN_DOCUMENTATION_COMMENTS = YES;
				CLANG_WARN_EMPTY_BODY = YES;
				CLANG_WARN_ENUM_CONVERSION = YES;
				CLANG_WARN_INFINITE_RECURSION = YES;
				CLANG_WARN_INT_CONVERSION = YES;
				CLANG_WARN_NON_LITERAL_NULL_CONVERSION = YES;
				CLANG_WARN_OBJC_IMPLICIT_RETAIN_SELF = YES;
				CLANG_WARN_OBJC_LITERAL_CONVERSION = YES;
				CLANG_WARN_OBJC_ROOT_CLASS = YES_ERROR;
				CLANG_WARN_RANGE_LOOP_ANALYSIS = YES;
				CLANG_WARN_STRICT_PROTOTYPES = YES;
				CLANG_WARN_SUSPICIOUS_MOVE = YES;
				CLANG_WARN_UNGUARDED_AVAILABILITY = YES_AGGRESSIVE;
				CLANG_WARN_UNREACHABLE_CODE = YES;
				CLANG_WARN__DUPLICATE_METHOD_MATCH = YES;
				CODE_SIGN_IDENTITY = "iPhone Developer";
				COPY_PHASE_STRIP = NO;
				DEBUG_INFORMATION_FORMAT = dwarf;
				ENABLE_STRICT_OBJC_MSGSEND = YES;
				ENABLE_TESTABILITY = YES;
				GCC_C_LANGUAGE_STANDARD = gnu11;
				GCC_DYNAMIC_NO_PIC = NO;
				GCC_NO_COMMON_BLOCKS = YES;
				GCC_OPTIMIZATION_LEVEL = 0;
				GCC_PREPROCESSOR_DEFINITIONS = (
					"DEBUG=1",
					"$(inherited)",
				);
				GCC_WARN_64_TO_32_BIT_CONVERSION = YES;
				GCC_WARN_ABOUT_RETURN_TYPE = YES_ERROR;
				GCC_WARN_UNDECLARED_SELECTOR = YES;
				GCC_WARN_UNINITIALIZED_AUTOS = YES_AGGRESSIVE;
				GCC_WARN_UNUSED_FUNCTION = YES;
				GCC_WARN_UNUSED_VARIABLE = YES;
				IPHONEOS_DEPLOYMENT_TARGET = 12.1;
				MTL_ENABLE_DEBUG_INFO = INCLUDE_SOURCE;
				MTL_FAST_MATH = YES;
				ONLY_ACTIVE_ARCH = YES;
				SDKROOT = iphoneos;
				SWIFT_ACTIVE_COMPILATION_CONDITIONS = DEBUG;
				SWIFT_OPTIMIZATION_LEVEL = "-Onone";
			};
			name = Debug;
		};
		3B45EA3A2215C7A70007D747 /* Release */ = {
			isa = XCBuildConfiguration;
			buildSettings = {
				ALWAYS_SEARCH_USER_PATHS = NO;
				CLANG_ANALYZER_NONNULL = YES;
				CLANG_ANALYZER_NUMBER_OBJECT_CONVERSION = YES_AGGRESSIVE;
				CLANG_CXX_LANGUAGE_STANDARD = "gnu++14";
				CLANG_CXX_LIBRARY = "libc++";
				CLANG_ENABLE_MODULES = YES;
				CLANG_ENABLE_OBJC_ARC = YES;
				CLANG_ENABLE_OBJC_WEAK = YES;
				CLANG_WARN_BLOCK_CAPTURE_AUTORELEASING = YES;
				CLANG_WARN_BOOL_CONVERSION = YES;
				CLANG_WARN_COMMA = YES;
				CLANG_WARN_CONSTANT_CONVERSION = YES;
				CLANG_WARN_DEPRECATED_OBJC_IMPLEMENTATIONS = YES;
				CLANG_WARN_DIRECT_OBJC_ISA_USAGE = YES_ERROR;
				CLANG_WARN_DOCUMENTATION_COMMENTS = YES;
				CLANG_WARN_EMPTY_BODY = YES;
				CLANG_WARN_ENUM_CONVERSION = YES;
				CLANG_WARN_INFINITE_RECURSION = YES;
				CLANG_WARN_INT_CONVERSION = YES;
				CLANG_WARN_NON_LITERAL_NULL_CONVERSION = YES;
				CLANG_WARN_OBJC_IMPLICIT_RETAIN_SELF = YES;
				CLANG_WARN_OBJC_LITERAL_CONVERSION = YES;
				CLANG_WARN_OBJC_ROOT_CLASS = YES_ERROR;
				CLANG_WARN_RANGE_LOOP_ANALYSIS = YES;
				CLANG_WARN_STRICT_PROTOTYPES = YES;
				CLANG_WARN_SUSPICIOUS_MOVE = YES;
				CLANG_WARN_UNGUARDED_AVAILABILITY = YES_AGGRESSIVE;
				CLANG_WARN_UNREACHABLE_CODE = YES;
				CLANG_WARN__DUPLICATE_METHOD_MATCH = YES;
				CODE_SIGN_IDENTITY = "iPhone Developer";
				COPY_PHASE_STRIP = NO;
				DEBUG_INFORMATION_FORMAT = "dwarf-with-dsym";
				ENABLE_NS_ASSERTIONS = NO;
				ENABLE_STRICT_OBJC_MSGSEND = YES;
				GCC_C_LANGUAGE_STANDARD = gnu11;
				GCC_NO_COMMON_BLOCKS = YES;
				GCC_WARN_64_TO_32_BIT_CONVERSION = YES;
				GCC_WARN_ABOUT_RETURN_TYPE = YES_ERROR;
				GCC_WARN_UNDECLARED_SELECTOR = YES;
				GCC_WARN_UNINITIALIZED_AUTOS = YES_AGGRESSIVE;
				GCC_WARN_UNUSED_FUNCTION = YES;
				GCC_WARN_UNUSED_VARIABLE = YES;
				IPHONEOS_DEPLOYMENT_TARGET = 12.1;
				MTL_ENABLE_DEBUG_INFO = NO;
				MTL_FAST_MATH = YES;
				SDKROOT = iphoneos;
				SWIFT_COMPILATION_MODE = wholemodule;
				SWIFT_OPTIMIZATION_LEVEL = "-O";
				VALIDATE_PRODUCT = YES;
			};
			name = Release;
		};
		3B45EA3C2215C7A70007D747 /* Debug */ = {
			isa = XCBuildConfiguration;
			baseConfigurationReference = 47F5E782D83772CB749A5583 /* Pods-pitchnotes.debug.xcconfig */;
			buildSettings = {
				ASSETCATALOG_COMPILER_APPICON_NAME = AppIcon;
				CODE_SIGN_STYLE = Automatic;
				DEVELOPMENT_TEAM = HM94PSKXTN;
				INFOPLIST_FILE = pitchnotes/Info.plist;
				LD_RUNPATH_SEARCH_PATHS = (
					"$(inherited)",
					"@executable_path/Frameworks",
				);
				PRODUCT_BUNDLE_IDENTIFIER = com.drewdearing.pitchnotes;
				PRODUCT_NAME = "$(TARGET_NAME)";
				SWIFT_VERSION = 4.2;
				TARGETED_DEVICE_FAMILY = "1,2";
			};
			name = Debug;
		};
		3B45EA3D2215C7A70007D747 /* Release */ = {
			isa = XCBuildConfiguration;
			baseConfigurationReference = EB54BB69F1F00986A58FC0AD /* Pods-pitchnotes.release.xcconfig */;
			buildSettings = {
				ASSETCATALOG_COMPILER_APPICON_NAME = AppIcon;
				CODE_SIGN_STYLE = Automatic;
				DEVELOPMENT_TEAM = HM94PSKXTN;
				INFOPLIST_FILE = pitchnotes/Info.plist;
				LD_RUNPATH_SEARCH_PATHS = (
					"$(inherited)",
					"@executable_path/Frameworks",
				);
				PRODUCT_BUNDLE_IDENTIFIER = com.drewdearing.pitchnotes;
				PRODUCT_NAME = "$(TARGET_NAME)";
				SWIFT_VERSION = 4.2;
				TARGETED_DEVICE_FAMILY = "1,2";
			};
			name = Release;
		};
		3B45EA3F2215C7A70007D747 /* Debug */ = {
			isa = XCBuildConfiguration;
			baseConfigurationReference = F887973C60428E11909B76E0 /* Pods-pitchnotesTests.debug.xcconfig */;
			buildSettings = {
				ALWAYS_EMBED_SWIFT_STANDARD_LIBRARIES = YES;
				BUNDLE_LOADER = "$(TEST_HOST)";
				CODE_SIGN_STYLE = Automatic;
				INFOPLIST_FILE = pitchnotesTests/Info.plist;
				LD_RUNPATH_SEARCH_PATHS = (
					"$(inherited)",
					"@executable_path/Frameworks",
					"@loader_path/Frameworks",
				);
				PRODUCT_BUNDLE_IDENTIFIER = com.drewdearing.pitchnotesTests;
				PRODUCT_NAME = "$(TARGET_NAME)";
				SWIFT_VERSION = 4.2;
				TARGETED_DEVICE_FAMILY = "1,2";
				TEST_HOST = "$(BUILT_PRODUCTS_DIR)/pitchnotes.app/pitchnotes";
			};
			name = Debug;
		};
		3B45EA402215C7A70007D747 /* Release */ = {
			isa = XCBuildConfiguration;
			baseConfigurationReference = 97F815D5274D0284804BF6FE /* Pods-pitchnotesTests.release.xcconfig */;
			buildSettings = {
				ALWAYS_EMBED_SWIFT_STANDARD_LIBRARIES = YES;
				BUNDLE_LOADER = "$(TEST_HOST)";
				CODE_SIGN_STYLE = Automatic;
				INFOPLIST_FILE = pitchnotesTests/Info.plist;
				LD_RUNPATH_SEARCH_PATHS = (
					"$(inherited)",
					"@executable_path/Frameworks",
					"@loader_path/Frameworks",
				);
				PRODUCT_BUNDLE_IDENTIFIER = com.drewdearing.pitchnotesTests;
				PRODUCT_NAME = "$(TARGET_NAME)";
				SWIFT_VERSION = 4.2;
				TARGETED_DEVICE_FAMILY = "1,2";
				TEST_HOST = "$(BUILT_PRODUCTS_DIR)/pitchnotes.app/pitchnotes";
			};
			name = Release;
		};
		3B45EA422215C7A70007D747 /* Debug */ = {
			isa = XCBuildConfiguration;
			baseConfigurationReference = D338312BF4F758F5E6F09CCF /* Pods-pitchnotesUITests.debug.xcconfig */;
			buildSettings = {
				ALWAYS_EMBED_SWIFT_STANDARD_LIBRARIES = YES;
				CODE_SIGN_STYLE = Automatic;
				INFOPLIST_FILE = pitchnotesUITests/Info.plist;
				LD_RUNPATH_SEARCH_PATHS = (
					"$(inherited)",
					"@executable_path/Frameworks",
					"@loader_path/Frameworks",
				);
				PRODUCT_BUNDLE_IDENTIFIER = com.drewdearing.pitchnotesUITests;
				PRODUCT_NAME = "$(TARGET_NAME)";
				SWIFT_VERSION = 4.2;
				TARGETED_DEVICE_FAMILY = "1,2";
				TEST_TARGET_NAME = pitchnotes;
			};
			name = Debug;
		};
		3B45EA432215C7A70007D747 /* Release */ = {
			isa = XCBuildConfiguration;
			baseConfigurationReference = 001697E354611BDA15B7B67B /* Pods-pitchnotesUITests.release.xcconfig */;
			buildSettings = {
				ALWAYS_EMBED_SWIFT_STANDARD_LIBRARIES = YES;
				CODE_SIGN_STYLE = Automatic;
				INFOPLIST_FILE = pitchnotesUITests/Info.plist;
				LD_RUNPATH_SEARCH_PATHS = (
					"$(inherited)",
					"@executable_path/Frameworks",
					"@loader_path/Frameworks",
				);
				PRODUCT_BUNDLE_IDENTIFIER = com.drewdearing.pitchnotesUITests;
				PRODUCT_NAME = "$(TARGET_NAME)";
				SWIFT_VERSION = 4.2;
				TARGETED_DEVICE_FAMILY = "1,2";
				TEST_TARGET_NAME = pitchnotes;
			};
			name = Release;
		};
/* End XCBuildConfiguration section */

/* Begin XCConfigurationList section */
		3B45EA0E2215C7A60007D747 /* Build configuration list for PBXProject "pitchnotes" */ = {
			isa = XCConfigurationList;
			buildConfigurations = (
				3B45EA392215C7A70007D747 /* Debug */,
				3B45EA3A2215C7A70007D747 /* Release */,
			);
			defaultConfigurationIsVisible = 0;
			defaultConfigurationName = Release;
		};
		3B45EA3B2215C7A70007D747 /* Build configuration list for PBXNativeTarget "pitchnotes" */ = {
			isa = XCConfigurationList;
			buildConfigurations = (
				3B45EA3C2215C7A70007D747 /* Debug */,
				3B45EA3D2215C7A70007D747 /* Release */,
			);
			defaultConfigurationIsVisible = 0;
			defaultConfigurationName = Release;
		};
		3B45EA3E2215C7A70007D747 /* Build configuration list for PBXNativeTarget "pitchnotesTests" */ = {
			isa = XCConfigurationList;
			buildConfigurations = (
				3B45EA3F2215C7A70007D747 /* Debug */,
				3B45EA402215C7A70007D747 /* Release */,
			);
			defaultConfigurationIsVisible = 0;
			defaultConfigurationName = Release;
		};
		3B45EA412215C7A70007D747 /* Build configuration list for PBXNativeTarget "pitchnotesUITests" */ = {
			isa = XCConfigurationList;
			buildConfigurations = (
				3B45EA422215C7A70007D747 /* Debug */,
				3B45EA432215C7A70007D747 /* Release */,
			);
			defaultConfigurationIsVisible = 0;
			defaultConfigurationName = Release;
		};
/* End XCConfigurationList section */
	};
	rootObject = 3B45EA0B2215C7A60007D747 /* Project object */;
}
